
Microsoft Visual Studio Solution File, Format Version 12.00
# Visual Studio Express 2012 for Windows Desktop
Project("{FAE04EC0-301F-11D3-BF4B-00C04F79EFBC}") = "04.IntegerDifferenceBy5", "04.IntegerDifferenceBy5\04.IntegerDifferenceBy5.csproj", "{966A8770-D0FE-4BE3-8FDC-EFE3CA6B7610}"
EndProject
Project("{FAE04EC0-301F-11D3-BF4B-00C04F79EFBC}") = "09.Fibonacci", "09.Fibonacci\09.Fibonacci.csproj", "{90790612-9638-422B-8FA4-2543E7EEBB7F}"
EndProject
Project("{FAE04EC0-301F-11D3-BF4B-00C04F79EFBC}") = "01.SumIntegers", "01.SumIntegers\01.SumIntegers.csproj", "{D72A7DA3-3596-4D09-85C7-839762B21CBA}"
EndProject
Project("{FAE04EC0-301F-11D3-BF4B-00C04F79EFBC}") = "02.CirclePerimeterAndArea", "02.CirclePerimeterAndArea\02.CirclePerimeterAndArea.csproj", "{AF4FB7DB-9224-414E-9A27-C10A0328904D}"
EndProject
Project("{FAE04EC0-301F-11D3-BF4B-00C04F79EFBC}") = "03.CompanyInfo", "03.CompanyInfo\03.CompanyInfo.csproj", "{57492E8A-8CD0-475D-93AA-ABD2E660849C}"
EndProject
Project("{FAE04EC0-301F-11D3-BF4B-00C04F79EFBC}") = "05.NotUseIf", "05.NotUseIf\05.NotUseIf.csproj", "{B1124C63-DCB5-4FFE-9817-6FFC1D3C3A52}"
EndProject
Project("{FAE04EC0-301F-11D3-BF4B-00C04F79EFBC}") = "06.QuadraticEquasion", "06.QuadraticEquasion\06.QuadraticEquasion.csproj", "{D5925B0B-CF6F-49CB-8A9B-7EF5D8202938}"
EndProject
Project("{FAE04EC0-301F-11D3-BF4B-00C04F79EFBC}") = "07.SumNNumbers", "07.SumNNumbers\07.SumNNumbers.csproj", "{44EE5D56-8181-46FF-ABF0-91179B5A0C43}"
EndProject
Project("{FAE04EC0-301F-11D3-BF4B-00C04F79EFBC}") = "08.PrintAllNNumbers", "08.PrintAllNNumbers\08.PrintAllNNumbers.csproj", "{C76EC35D-6CDE-461D-87EA-CA5CAA5B3C71}"
EndProject
Project("{FAE04EC0-301F-11D3-BF4B-00C04F79EFBC}") = "10.CalculateSumOfInfinitesimal", "10.CalculateSumOfInfinitesimal\10.CalculateSumOfInfinitesimal.csproj", "{88C4031C-94A0-4D5F-AB50-F0157D275248}"
EndProject
Project("{FAE04EC0-301F-11D3-BF4B-00C04F79EFBC}") = "11.FallingRocks", "11.FallingRocks\11.FallingRocks.csproj", "{F0379B33-D931-4524-9C9D-AD6AB3420438}"
EndProject
Global
	GlobalSection(SolutionConfigurationPlatforms) = preSolution
		Debug|Any CPU = Debug|Any CPU
		Release|Any CPU = Release|Any CPU
	EndGlobalSection
	GlobalSection(ProjectConfigurationPlatforms) = postSolution
		{966A8770-D0FE-4BE3-8FDC-EFE3CA6B7610}.Debug|Any CPU.ActiveCfg = Debug|Any CPU
		{966A8770-D0FE-4BE3-8FDC-EFE3CA6B7610}.Debug|Any CPU.Build.0 = Debug|Any CPU
		{966A8770-D0FE-4BE3-8FDC-EFE3CA6B7610}.Release|Any CPU.ActiveCfg = Release|Any CPU
		{966A8770-D0FE-4BE3-8FDC-EFE3CA6B7610}.Release|Any CPU.Build.0 = Release|Any CPU
		{90790612-9638-422B-8FA4-2543E7EEBB7F}.Debug|Any CPU.ActiveCfg = Debug|Any CPU
		{90790612-9638-422B-8FA4-2543E7EEBB7F}.Debug|Any CPU.Build.0 = Debug|Any CPU
		{90790612-9638-422B-8FA4-2543E7EEBB7F}.Release|Any CPU.ActiveCfg = Release|Any CPU
		{90790612-9638-422B-8FA4-2543E7EEBB7F}.Release|Any CPU.Build.0 = Release|Any CPU
		{D72A7DA3-3596-4D09-85C7-839762B21CBA}.Debug|Any CPU.ActiveCfg = Debug|Any CPU
		{D72A7DA3-3596-4D09-85C7-839762B21CBA}.Debug|Any CPU.Build.0 = Debug|Any CPU
		{D72A7DA3-3596-4D09-85C7-839762B21CBA}.Release|Any CPU.ActiveCfg = Release|Any CPU
		{D72A7DA3-3596-4D09-85C7-839762B21CBA}.Release|Any CPU.Build.0 = Release|Any CPU
		{AF4FB7DB-9224-414E-9A27-C10A0328904D}.Debug|Any CPU.ActiveCfg = Debug|Any CPU
		{AF4FB7DB-9224-414E-9A27-C10A0328904D}.Debug|Any CPU.Build.0 = Debug|Any CPU
		{AF4FB7DB-9224-414E-9A27-C10A0328904D}.Release|Any CPU.ActiveCfg = Release|Any CPU
		{AF4FB7DB-9224-414E-9A27-C10A0328904D}.Release|Any CPU.Build.0 = Release|Any CPU
		{57492E8A-8CD0-475D-93AA-ABD2E660849C}.Debug|Any CPU.ActiveCfg = Debug|Any CPU
		{57492E8A-8CD0-475D-93AA-ABD2E660849C}.Debug|Any CPU.Build.0 = Debug|Any CPU
		{57492E8A-8CD0-475D-93AA-ABD2E660849C}.Release|Any CPU.ActiveCfg = Release|Any CPU
		{57492E8A-8CD0-475D-93AA-ABD2E660849C}.Release|Any CPU.Build.0 = Release|Any CPU
		{B1124C63-DCB5-4FFE-9817-6FFC1D3C3A52}.Debug|Any CPU.ActiveCfg = Debug|Any CPU
		{B1124C63-DCB5-4FFE-9817-6FFC1D3C3A52}.Debug|Any CPU.Build.0 = Debug|Any CPU
		{B1124C63-DCB5-4FFE-9817-6FFC1D3C3A52}.Release|Any CPU.ActiveCfg = Release|Any CPU
		{B1124C63-DCB5-4FFE-9817-6FFC1D3C3A52}.Release|Any CPU.Build.0 = Release|Any CPU
		{D5925B0B-CF6F-49CB-8A9B-7EF5D8202938}.Debug|Any CPU.ActiveCfg = Debug|Any CPU
		{D5925B0B-CF6F-49CB-8A9B-7EF5D8202938}.Debug|Any CPU.Build.0 = Debug|Any CPU
		{D5925B0B-CF6F-49CB-8A9B-7EF5D8202938}.Release|Any CPU.ActiveCfg = Release|Any CPU
		{D5925B0B-CF6F-49CB-8A9B-7EF5D8202938}.Release|Any CPU.Build.0 = Release|Any CPU
		{44EE5D56-8181-46FF-ABF0-91179B5A0C43}.Debug|Any CPU.ActiveCfg = Debug|Any CPU
		{44EE5D56-8181-46FF-ABF0-91179B5A0C43}.Debug|Any CPU.Build.0 = Debug|Any CPU
		{44EE5D56-8181-46FF-ABF0-91179B5A0C43}.Release|Any CPU.ActiveCfg = Release|Any CPU
		{44EE5D56-8181-46FF-ABF0-91179B5A0C43}.Release|Any CPU.Build.0 = Release|Any CPU
		{C76EC35D-6CDE-461D-87EA-CA5CAA5B3C71}.Debug|Any CPU.ActiveCfg = Debug|Any CPU
		{C76EC35D-6CDE-461D-87EA-CA5CAA5B3C71}.Debug|Any CPU.Build.0 = Debug|Any CPU
		{C76EC35D-6CDE-461D-87EA-CA5CAA5B3C71}.Release|Any CPU.ActiveCfg = Release|Any CPU
		{C76EC35D-6CDE-461D-87EA-CA5CAA5B3C71}.Release|Any CPU.Build.0 = Release|Any CPU
		{88C4031C-94A0-4D5F-AB50-F0157D275248}.Debug|Any CPU.ActiveCfg = Debug|Any CPU
		{88C4031C-94A0-4D5F-AB50-F0157D275248}.Debug|Any CPU.Build.0 = Debug|Any CPU
		{88C4031C-94A0-4D5F-AB50-F0157D275248}.Release|Any CPU.ActiveCfg = Release|Any CPU
		{88C4031C-94A0-4D5F-AB50-F0157D275248}.Release|Any CPU.Build.0 = Release|Any CPU
		{F0379B33-D931-4524-9C9D-AD6AB3420438}.Debug|Any CPU.ActiveCfg = Debug|Any CPU
		{F0379B33-D931-4524-9C9D-AD6AB3420438}.Debug|Any CPU.Build.0 = Debug|Any CPU
		{F0379B33-D931-4524-9C9D-AD6AB3420438}.Release|Any CPU.ActiveCfg = Release|Any CPU
		{F0379B33-D931-4524-9C9D-AD6AB3420438}.Release|Any CPU.Build.0 = Release|Any CPU
	EndGlobalSection
	GlobalSection(SolutionProperties) = preSolution
		HideSolutionNode = FALSE
	EndGlobalSection
EndGlobal
