
Microsoft Visual Studio Solution File, Format Version 12.00
# Visual Studio Express 2012 for Windows Desktop
Project("{FAE04EC0-301F-11D3-BF4B-00C04F79EFBC}") = "12.PrintASCII", "12.PrintASCII\12.PrintASCII.csproj", "{D7282DDD-19D5-43F3-A73C-3B01F9B76B80}"
EndProject
Project("{FAE04EC0-301F-11D3-BF4B-00C04F79EFBC}") = "13.AssignNullValues", "13.AssignNullValues\13.AssignNullValues.csproj", "{D96E6AE5-B392-45FB-8233-9B3DED93F2AD}"
EndProject
Project("{FAE04EC0-301F-11D3-BF4B-00C04F79EFBC}") = "14.BankAccountData", "14.BankAccountData\14.BankAccountData.csproj", "{AAC79583-C4C0-4328-A2B3-ED039D55214E}"
EndProject
Project("{FAE04EC0-301F-11D3-BF4B-00C04F79EFBC}") = "11.ExchangeIntegerValue", "11.ExchangeIntegerValue\11.ExchangeIntegerValue.csproj", "{F2C87280-7459-42F5-8EA0-ABE1F913A5C2}"
EndProject
Project("{FAE04EC0-301F-11D3-BF4B-00C04F79EFBC}") = "10.EmployeesRecord", "10.EmployeesRecord\10.EmployeesRecord.csproj", "{CC6FDFF9-E73F-46F9-A88A-087B367A1E7E}"
EndProject
Project("{FAE04EC0-301F-11D3-BF4B-00C04F79EFBC}") = "09.PrintCopyrightTriangle", "09.PrintCopyrightTriangle\09.PrintCopyrightTriangle.csproj", "{259AD86B-D960-45D6-AE3F-3BE00BA49F2F}"
EndProject
Project("{FAE04EC0-301F-11D3-BF4B-00C04F79EFBC}") = "08.QuotationCauseDifficulties", "08.QuotationCauseDifficulties\08.QuotationCauseDifficulties.csproj", "{FCF01387-A13C-4595-A404-6EE44485480F}"
EndProject
Project("{FAE04EC0-301F-11D3-BF4B-00C04F79EFBC}") = "07.DeclareString", "07.DeclareString\07.DeclareString.csproj", "{1A5EB462-1C9B-4BCF-B196-BAFED801E531}"
EndProject
Project("{FAE04EC0-301F-11D3-BF4B-00C04F79EFBC}") = "06.DeclareBool", "06.DeclareBool\06.DeclareBool.csproj", "{0532327A-F3BA-4AE3-AF1B-82A22B4224C4}"
EndProject
Project("{FAE04EC0-301F-11D3-BF4B-00C04F79EFBC}") = "05.DeclareChar", "05.DeclareChar\05.DeclareChar.csproj", "{7D6D4379-1040-4370-AB69-D650B3794B0B}"
EndProject
Project("{FAE04EC0-301F-11D3-BF4B-00C04F79EFBC}") = "04.DeclareHexadecimalFormat", "04.DeclareHexadecimalFormat\04.DeclareHexadecimalFormat.csproj", "{4FC9A751-51D7-4D4C-A676-F53529BDAC56}"
EndProject
Project("{FAE04EC0-301F-11D3-BF4B-00C04F79EFBC}") = "03.CompareFloatNumbers", "03.CompareFloatNumbers\03.CompareFloatNumbers.csproj", "{BF946523-A824-463E-84F0-446C6E785774}"
EndProject
Project("{FAE04EC0-301F-11D3-BF4B-00C04F79EFBC}") = "02.FloatorDoubleType", "02.FloatorDoubleType\02.FloatorDoubleType.csproj", "{26CEF162-9934-42E6-B045-607CEFFD573E}"
EndProject
Project("{FAE04EC0-301F-11D3-BF4B-00C04F79EFBC}") = "01.DeclareVariable", "01.DeclareVariable\01.DeclareVariable.csproj", "{6ADE0588-4032-454F-88C0-9B67130AEF9D}"
EndProject
Global
	GlobalSection(SolutionConfigurationPlatforms) = preSolution
		Debug|Any CPU = Debug|Any CPU
		Release|Any CPU = Release|Any CPU
	EndGlobalSection
	GlobalSection(ProjectConfigurationPlatforms) = postSolution
		{D7282DDD-19D5-43F3-A73C-3B01F9B76B80}.Debug|Any CPU.ActiveCfg = Debug|Any CPU
		{D7282DDD-19D5-43F3-A73C-3B01F9B76B80}.Debug|Any CPU.Build.0 = Debug|Any CPU
		{D7282DDD-19D5-43F3-A73C-3B01F9B76B80}.Release|Any CPU.ActiveCfg = Release|Any CPU
		{D7282DDD-19D5-43F3-A73C-3B01F9B76B80}.Release|Any CPU.Build.0 = Release|Any CPU
		{D96E6AE5-B392-45FB-8233-9B3DED93F2AD}.Debug|Any CPU.ActiveCfg = Debug|Any CPU
		{D96E6AE5-B392-45FB-8233-9B3DED93F2AD}.Debug|Any CPU.Build.0 = Debug|Any CPU
		{D96E6AE5-B392-45FB-8233-9B3DED93F2AD}.Release|Any CPU.ActiveCfg = Release|Any CPU
		{D96E6AE5-B392-45FB-8233-9B3DED93F2AD}.Release|Any CPU.Build.0 = Release|Any CPU
		{AAC79583-C4C0-4328-A2B3-ED039D55214E}.Debug|Any CPU.ActiveCfg = Debug|Any CPU
		{AAC79583-C4C0-4328-A2B3-ED039D55214E}.Debug|Any CPU.Build.0 = Debug|Any CPU
		{AAC79583-C4C0-4328-A2B3-ED039D55214E}.Release|Any CPU.ActiveCfg = Release|Any CPU
		{AAC79583-C4C0-4328-A2B3-ED039D55214E}.Release|Any CPU.Build.0 = Release|Any CPU
		{F2C87280-7459-42F5-8EA0-ABE1F913A5C2}.Debug|Any CPU.ActiveCfg = Debug|Any CPU
		{F2C87280-7459-42F5-8EA0-ABE1F913A5C2}.Debug|Any CPU.Build.0 = Debug|Any CPU
		{F2C87280-7459-42F5-8EA0-ABE1F913A5C2}.Release|Any CPU.ActiveCfg = Release|Any CPU
		{F2C87280-7459-42F5-8EA0-ABE1F913A5C2}.Release|Any CPU.Build.0 = Release|Any CPU
		{CC6FDFF9-E73F-46F9-A88A-087B367A1E7E}.Debug|Any CPU.ActiveCfg = Debug|Any CPU
		{CC6FDFF9-E73F-46F9-A88A-087B367A1E7E}.Debug|Any CPU.Build.0 = Debug|Any CPU
		{CC6FDFF9-E73F-46F9-A88A-087B367A1E7E}.Release|Any CPU.ActiveCfg = Release|Any CPU
		{CC6FDFF9-E73F-46F9-A88A-087B367A1E7E}.Release|Any CPU.Build.0 = Release|Any CPU
		{259AD86B-D960-45D6-AE3F-3BE00BA49F2F}.Debug|Any CPU.ActiveCfg = Debug|Any CPU
		{259AD86B-D960-45D6-AE3F-3BE00BA49F2F}.Debug|Any CPU.Build.0 = Debug|Any CPU
		{259AD86B-D960-45D6-AE3F-3BE00BA49F2F}.Release|Any CPU.ActiveCfg = Release|Any CPU
		{259AD86B-D960-45D6-AE3F-3BE00BA49F2F}.Release|Any CPU.Build.0 = Release|Any CPU
		{FCF01387-A13C-4595-A404-6EE44485480F}.Debug|Any CPU.ActiveCfg = Debug|Any CPU
		{FCF01387-A13C-4595-A404-6EE44485480F}.Debug|Any CPU.Build.0 = Debug|Any CPU
		{FCF01387-A13C-4595-A404-6EE44485480F}.Release|Any CPU.ActiveCfg = Release|Any CPU
		{FCF01387-A13C-4595-A404-6EE44485480F}.Release|Any CPU.Build.0 = Release|Any CPU
		{1A5EB462-1C9B-4BCF-B196-BAFED801E531}.Debug|Any CPU.ActiveCfg = Debug|Any CPU
		{1A5EB462-1C9B-4BCF-B196-BAFED801E531}.Debug|Any CPU.Build.0 = Debug|Any CPU
		{1A5EB462-1C9B-4BCF-B196-BAFED801E531}.Release|Any CPU.ActiveCfg = Release|Any CPU
		{1A5EB462-1C9B-4BCF-B196-BAFED801E531}.Release|Any CPU.Build.0 = Release|Any CPU
		{0532327A-F3BA-4AE3-AF1B-82A22B4224C4}.Debug|Any CPU.ActiveCfg = Debug|Any CPU
		{0532327A-F3BA-4AE3-AF1B-82A22B4224C4}.Debug|Any CPU.Build.0 = Debug|Any CPU
		{0532327A-F3BA-4AE3-AF1B-82A22B4224C4}.Release|Any CPU.ActiveCfg = Release|Any CPU
		{0532327A-F3BA-4AE3-AF1B-82A22B4224C4}.Release|Any CPU.Build.0 = Release|Any CPU
		{7D6D4379-1040-4370-AB69-D650B3794B0B}.Debug|Any CPU.ActiveCfg = Debug|Any CPU
		{7D6D4379-1040-4370-AB69-D650B3794B0B}.Debug|Any CPU.Build.0 = Debug|Any CPU
		{7D6D4379-1040-4370-AB69-D650B3794B0B}.Release|Any CPU.ActiveCfg = Release|Any CPU
		{7D6D4379-1040-4370-AB69-D650B3794B0B}.Release|Any CPU.Build.0 = Release|Any CPU
		{4FC9A751-51D7-4D4C-A676-F53529BDAC56}.Debug|Any CPU.ActiveCfg = Debug|Any CPU
		{4FC9A751-51D7-4D4C-A676-F53529BDAC56}.Debug|Any CPU.Build.0 = Debug|Any CPU
		{4FC9A751-51D7-4D4C-A676-F53529BDAC56}.Release|Any CPU.ActiveCfg = Release|Any CPU
		{4FC9A751-51D7-4D4C-A676-F53529BDAC56}.Release|Any CPU.Build.0 = Release|Any CPU
		{BF946523-A824-463E-84F0-446C6E785774}.Debug|Any CPU.ActiveCfg = Debug|Any CPU
		{BF946523-A824-463E-84F0-446C6E785774}.Debug|Any CPU.Build.0 = Debug|Any CPU
		{BF946523-A824-463E-84F0-446C6E785774}.Release|Any CPU.ActiveCfg = Release|Any CPU
		{BF946523-A824-463E-84F0-446C6E785774}.Release|Any CPU.Build.0 = Release|Any CPU
		{26CEF162-9934-42E6-B045-607CEFFD573E}.Debug|Any CPU.ActiveCfg = Debug|Any CPU
		{26CEF162-9934-42E6-B045-607CEFFD573E}.Debug|Any CPU.Build.0 = Debug|Any CPU
		{26CEF162-9934-42E6-B045-607CEFFD573E}.Release|Any CPU.ActiveCfg = Release|Any CPU
		{26CEF162-9934-42E6-B045-607CEFFD573E}.Release|Any CPU.Build.0 = Release|Any CPU
		{6ADE0588-4032-454F-88C0-9B67130AEF9D}.Debug|Any CPU.ActiveCfg = Debug|Any CPU
		{6ADE0588-4032-454F-88C0-9B67130AEF9D}.Debug|Any CPU.Build.0 = Debug|Any CPU
		{6ADE0588-4032-454F-88C0-9B67130AEF9D}.Release|Any CPU.ActiveCfg = Release|Any CPU
		{6ADE0588-4032-454F-88C0-9B67130AEF9D}.Release|Any CPU.Build.0 = Release|Any CPU
	EndGlobalSection
	GlobalSection(SolutionProperties) = preSolution
		HideSolutionNode = FALSE
	EndGlobalSection
EndGlobal
