
Microsoft Visual Studio Solution File, Format Version 12.00
# Visual Studio 2012
Project("{FAE04EC0-301F-11D3-BF4B-00C04F79EFBC}") = "P01", "P01\P01.csproj", "{D094F50B-3E4E-4A13-BAC2-60F8DBB43CAF}"
EndProject
Project("{FAE04EC0-301F-11D3-BF4B-00C04F79EFBC}") = "P02", "P02\P02.csproj", "{F8BD693A-9474-4329-8B1B-440C09D26A3D}"
EndProject
Project("{FAE04EC0-301F-11D3-BF4B-00C04F79EFBC}") = "P03", "P03\P03.csproj", "{F7BDAA46-A606-4C87-AEA9-D7FEE112DF26}"
EndProject
Project("{FAE04EC0-301F-11D3-BF4B-00C04F79EFBC}") = "P04", "P04\P04.csproj", "{A1BAAA96-EF11-4F85-9D4A-2E9F6FF0D9F0}"
EndProject
Project("{FAE04EC0-301F-11D3-BF4B-00C04F79EFBC}") = "P05", "P05\P05.csproj", "{76B09513-1FC8-434C-81F5-DE195F9C09A3}"
EndProject
Project("{FAE04EC0-301F-11D3-BF4B-00C04F79EFBC}") = "P06", "P06\P06.csproj", "{DA4D8990-F1EE-4E88-8679-11686A67F032}"
EndProject
Project("{FAE04EC0-301F-11D3-BF4B-00C04F79EFBC}") = "P07", "P07\P07.csproj", "{37708657-5C93-4CEC-8371-848BAADB62D6}"
EndProject
Project("{FAE04EC0-301F-11D3-BF4B-00C04F79EFBC}") = "P08", "P08\P08.csproj", "{14F23A06-AB3F-428D-97A2-EF15E531AEAD}"
EndProject
Project("{FAE04EC0-301F-11D3-BF4B-00C04F79EFBC}") = "P09", "P09\P09.csproj", "{73AB7ED5-B28B-4734-B448-6EDB13BC1910}"
EndProject
Project("{FAE04EC0-301F-11D3-BF4B-00C04F79EFBC}") = "P10", "P10\P10.csproj", "{D1CAA0C3-E0F6-4E41-97B1-D664CED3AD95}"
EndProject
Project("{FAE04EC0-301F-11D3-BF4B-00C04F79EFBC}") = "P11", "P11\P11.csproj", "{EB73B87C-2EFC-4831-9CF0-A489C3D862D4}"
EndProject
Project("{FAE04EC0-301F-11D3-BF4B-00C04F79EFBC}") = "P12", "P12\P12.csproj", "{0DA33FB4-D677-4DC4-9CA2-650598F1F3DA}"
EndProject
Global
	GlobalSection(SolutionConfigurationPlatforms) = preSolution
		Debug|Any CPU = Debug|Any CPU
		Release|Any CPU = Release|Any CPU
	EndGlobalSection
	GlobalSection(ProjectConfigurationPlatforms) = postSolution
		{D094F50B-3E4E-4A13-BAC2-60F8DBB43CAF}.Debug|Any CPU.ActiveCfg = Debug|Any CPU
		{D094F50B-3E4E-4A13-BAC2-60F8DBB43CAF}.Debug|Any CPU.Build.0 = Debug|Any CPU
		{D094F50B-3E4E-4A13-BAC2-60F8DBB43CAF}.Release|Any CPU.ActiveCfg = Release|Any CPU
		{D094F50B-3E4E-4A13-BAC2-60F8DBB43CAF}.Release|Any CPU.Build.0 = Release|Any CPU
		{F8BD693A-9474-4329-8B1B-440C09D26A3D}.Debug|Any CPU.ActiveCfg = Debug|Any CPU
		{F8BD693A-9474-4329-8B1B-440C09D26A3D}.Debug|Any CPU.Build.0 = Debug|Any CPU
		{F8BD693A-9474-4329-8B1B-440C09D26A3D}.Release|Any CPU.ActiveCfg = Release|Any CPU
		{F8BD693A-9474-4329-8B1B-440C09D26A3D}.Release|Any CPU.Build.0 = Release|Any CPU
		{F7BDAA46-A606-4C87-AEA9-D7FEE112DF26}.Debug|Any CPU.ActiveCfg = Debug|Any CPU
		{F7BDAA46-A606-4C87-AEA9-D7FEE112DF26}.Debug|Any CPU.Build.0 = Debug|Any CPU
		{F7BDAA46-A606-4C87-AEA9-D7FEE112DF26}.Release|Any CPU.ActiveCfg = Release|Any CPU
		{F7BDAA46-A606-4C87-AEA9-D7FEE112DF26}.Release|Any CPU.Build.0 = Release|Any CPU
		{A1BAAA96-EF11-4F85-9D4A-2E9F6FF0D9F0}.Debug|Any CPU.ActiveCfg = Debug|Any CPU
		{A1BAAA96-EF11-4F85-9D4A-2E9F6FF0D9F0}.Debug|Any CPU.Build.0 = Debug|Any CPU
		{A1BAAA96-EF11-4F85-9D4A-2E9F6FF0D9F0}.Release|Any CPU.ActiveCfg = Release|Any CPU
		{A1BAAA96-EF11-4F85-9D4A-2E9F6FF0D9F0}.Release|Any CPU.Build.0 = Release|Any CPU
		{76B09513-1FC8-434C-81F5-DE195F9C09A3}.Debug|Any CPU.ActiveCfg = Debug|Any CPU
		{76B09513-1FC8-434C-81F5-DE195F9C09A3}.Debug|Any CPU.Build.0 = Debug|Any CPU
		{76B09513-1FC8-434C-81F5-DE195F9C09A3}.Release|Any CPU.ActiveCfg = Release|Any CPU
		{76B09513-1FC8-434C-81F5-DE195F9C09A3}.Release|Any CPU.Build.0 = Release|Any CPU
		{DA4D8990-F1EE-4E88-8679-11686A67F032}.Debug|Any CPU.ActiveCfg = Debug|Any CPU
		{DA4D8990-F1EE-4E88-8679-11686A67F032}.Debug|Any CPU.Build.0 = Debug|Any CPU
		{DA4D8990-F1EE-4E88-8679-11686A67F032}.Release|Any CPU.ActiveCfg = Release|Any CPU
		{DA4D8990-F1EE-4E88-8679-11686A67F032}.Release|Any CPU.Build.0 = Release|Any CPU
		{37708657-5C93-4CEC-8371-848BAADB62D6}.Debug|Any CPU.ActiveCfg = Debug|Any CPU
		{37708657-5C93-4CEC-8371-848BAADB62D6}.Debug|Any CPU.Build.0 = Debug|Any CPU
		{37708657-5C93-4CEC-8371-848BAADB62D6}.Release|Any CPU.ActiveCfg = Release|Any CPU
		{37708657-5C93-4CEC-8371-848BAADB62D6}.Release|Any CPU.Build.0 = Release|Any CPU
		{14F23A06-AB3F-428D-97A2-EF15E531AEAD}.Debug|Any CPU.ActiveCfg = Debug|Any CPU
		{14F23A06-AB3F-428D-97A2-EF15E531AEAD}.Debug|Any CPU.Build.0 = Debug|Any CPU
		{14F23A06-AB3F-428D-97A2-EF15E531AEAD}.Release|Any CPU.ActiveCfg = Release|Any CPU
		{14F23A06-AB3F-428D-97A2-EF15E531AEAD}.Release|Any CPU.Build.0 = Release|Any CPU
		{73AB7ED5-B28B-4734-B448-6EDB13BC1910}.Debug|Any CPU.ActiveCfg = Debug|Any CPU
		{73AB7ED5-B28B-4734-B448-6EDB13BC1910}.Debug|Any CPU.Build.0 = Debug|Any CPU
		{73AB7ED5-B28B-4734-B448-6EDB13BC1910}.Release|Any CPU.ActiveCfg = Release|Any CPU
		{73AB7ED5-B28B-4734-B448-6EDB13BC1910}.Release|Any CPU.Build.0 = Release|Any CPU
		{D1CAA0C3-E0F6-4E41-97B1-D664CED3AD95}.Debug|Any CPU.ActiveCfg = Debug|Any CPU
		{D1CAA0C3-E0F6-4E41-97B1-D664CED3AD95}.Debug|Any CPU.Build.0 = Debug|Any CPU
		{D1CAA0C3-E0F6-4E41-97B1-D664CED3AD95}.Release|Any CPU.ActiveCfg = Release|Any CPU
		{D1CAA0C3-E0F6-4E41-97B1-D664CED3AD95}.Release|Any CPU.Build.0 = Release|Any CPU
		{EB73B87C-2EFC-4831-9CF0-A489C3D862D4}.Debug|Any CPU.ActiveCfg = Debug|Any CPU
		{EB73B87C-2EFC-4831-9CF0-A489C3D862D4}.Debug|Any CPU.Build.0 = Debug|Any CPU
		{EB73B87C-2EFC-4831-9CF0-A489C3D862D4}.Release|Any CPU.ActiveCfg = Release|Any CPU
		{EB73B87C-2EFC-4831-9CF0-A489C3D862D4}.Release|Any CPU.Build.0 = Release|Any CPU
		{0DA33FB4-D677-4DC4-9CA2-650598F1F3DA}.Debug|Any CPU.ActiveCfg = Debug|Any CPU
		{0DA33FB4-D677-4DC4-9CA2-650598F1F3DA}.Debug|Any CPU.Build.0 = Debug|Any CPU
		{0DA33FB4-D677-4DC4-9CA2-650598F1F3DA}.Release|Any CPU.ActiveCfg = Release|Any CPU
		{0DA33FB4-D677-4DC4-9CA2-650598F1F3DA}.Release|Any CPU.Build.0 = Release|Any CPU
	EndGlobalSection
	GlobalSection(SolutionProperties) = preSolution
		HideSolutionNode = FALSE
	EndGlobalSection
EndGlobal
