
Microsoft Visual Studio Solution File, Format Version 12.00
# Visual Studio 2012
Project("{FAE04EC0-301F-11D3-BF4B-00C04F79EFBC}") = "Problem01", "Problem01\Problem01.csproj", "{96DA80F7-B713-4A1A-A2EB-B7904FE47D73}"
EndProject
Project("{FAE04EC0-301F-11D3-BF4B-00C04F79EFBC}") = "Problem02", "Problem02\Problem02.csproj", "{8C900D36-765D-4C15-96E2-B7E4AFF32919}"
EndProject
Project("{FAE04EC0-301F-11D3-BF4B-00C04F79EFBC}") = "Problem03", "Problem03\Problem03.csproj", "{69068BD8-0432-4376-8092-C509E774301B}"
EndProject
Project("{FAE04EC0-301F-11D3-BF4B-00C04F79EFBC}") = "Problem04", "Problem04\Problem04.csproj", "{A3F8BD33-F4BB-402A-A722-3BDBB6CEF1BE}"
EndProject
Project("{FAE04EC0-301F-11D3-BF4B-00C04F79EFBC}") = "Problem05", "Problem05\Problem05.csproj", "{16CEDB78-20AD-4ADE-80C2-357C07E0A84E}"
EndProject
Project("{FAE04EC0-301F-11D3-BF4B-00C04F79EFBC}") = "Problem06", "Problem06\Problem06.csproj", "{4C18479B-47F2-432C-941B-5B5C74028CDD}"
EndProject
Project("{FAE04EC0-301F-11D3-BF4B-00C04F79EFBC}") = "Problem07", "Problem07\Problem07.csproj", "{AD7DC042-6C2A-4D95-96C4-0BE37B90A1C3}"
EndProject
Project("{FAE04EC0-301F-11D3-BF4B-00C04F79EFBC}") = "Problem08", "Problem08\Problem08.csproj", "{710D628D-A41D-48D6-9550-6F48D1754466}"
EndProject
Project("{FAE04EC0-301F-11D3-BF4B-00C04F79EFBC}") = "Problem09", "Problem09\Problem09.csproj", "{31B3C058-0CA5-43FA-96FF-29D6D085EBD6}"
EndProject
Project("{FAE04EC0-301F-11D3-BF4B-00C04F79EFBC}") = "Problem10", "Program10\Problem10.csproj", "{0E3CA346-97BB-4D1E-964C-8594292EFAE0}"
EndProject
Project("{FAE04EC0-301F-11D3-BF4B-00C04F79EFBC}") = "Problem11", "Problem11\Problem11.csproj", "{1BD3F1AD-C94E-480F-B414-5B27070AE587}"
EndProject
Project("{FAE04EC0-301F-11D3-BF4B-00C04F79EFBC}") = "Problem12", "Problem12\Problem12.csproj", "{FB66CEBE-F71A-4054-AAB3-DD004D76F9B2}"
EndProject
Project("{FAE04EC0-301F-11D3-BF4B-00C04F79EFBC}") = "Problem13", "Problem13\Problem13.csproj", "{E00D13ED-0FCB-45FC-946C-78CC05CE33D6}"
EndProject
Project("{FAE04EC0-301F-11D3-BF4B-00C04F79EFBC}") = "Problem14", "Problem14\Problem14.csproj", "{9D07B4CA-9322-426C-8EAD-4C4754D4B018}"
EndProject
Project("{FAE04EC0-301F-11D3-BF4B-00C04F79EFBC}") = "Problem15", "Problem15\Problem15.csproj", "{003E57A7-F0AF-4E23-8DCD-5249DD641787}"
EndProject
Project("{FAE04EC0-301F-11D3-BF4B-00C04F79EFBC}") = "Test", "Test\Test.csproj", "{9623E9BE-A854-443C-9CFA-A9B78B7949A6}"
EndProject
Global
	GlobalSection(SolutionConfigurationPlatforms) = preSolution
		Debug|Any CPU = Debug|Any CPU
		Release|Any CPU = Release|Any CPU
	EndGlobalSection
	GlobalSection(ProjectConfigurationPlatforms) = postSolution
		{96DA80F7-B713-4A1A-A2EB-B7904FE47D73}.Debug|Any CPU.ActiveCfg = Debug|Any CPU
		{96DA80F7-B713-4A1A-A2EB-B7904FE47D73}.Debug|Any CPU.Build.0 = Debug|Any CPU
		{96DA80F7-B713-4A1A-A2EB-B7904FE47D73}.Release|Any CPU.ActiveCfg = Release|Any CPU
		{96DA80F7-B713-4A1A-A2EB-B7904FE47D73}.Release|Any CPU.Build.0 = Release|Any CPU
		{8C900D36-765D-4C15-96E2-B7E4AFF32919}.Debug|Any CPU.ActiveCfg = Debug|Any CPU
		{8C900D36-765D-4C15-96E2-B7E4AFF32919}.Debug|Any CPU.Build.0 = Debug|Any CPU
		{8C900D36-765D-4C15-96E2-B7E4AFF32919}.Release|Any CPU.ActiveCfg = Release|Any CPU
		{8C900D36-765D-4C15-96E2-B7E4AFF32919}.Release|Any CPU.Build.0 = Release|Any CPU
		{69068BD8-0432-4376-8092-C509E774301B}.Debug|Any CPU.ActiveCfg = Debug|Any CPU
		{69068BD8-0432-4376-8092-C509E774301B}.Debug|Any CPU.Build.0 = Debug|Any CPU
		{69068BD8-0432-4376-8092-C509E774301B}.Release|Any CPU.ActiveCfg = Release|Any CPU
		{69068BD8-0432-4376-8092-C509E774301B}.Release|Any CPU.Build.0 = Release|Any CPU
		{A3F8BD33-F4BB-402A-A722-3BDBB6CEF1BE}.Debug|Any CPU.ActiveCfg = Debug|Any CPU
		{A3F8BD33-F4BB-402A-A722-3BDBB6CEF1BE}.Debug|Any CPU.Build.0 = Debug|Any CPU
		{A3F8BD33-F4BB-402A-A722-3BDBB6CEF1BE}.Release|Any CPU.ActiveCfg = Release|Any CPU
		{A3F8BD33-F4BB-402A-A722-3BDBB6CEF1BE}.Release|Any CPU.Build.0 = Release|Any CPU
		{16CEDB78-20AD-4ADE-80C2-357C07E0A84E}.Debug|Any CPU.ActiveCfg = Debug|Any CPU
		{16CEDB78-20AD-4ADE-80C2-357C07E0A84E}.Debug|Any CPU.Build.0 = Debug|Any CPU
		{16CEDB78-20AD-4ADE-80C2-357C07E0A84E}.Release|Any CPU.ActiveCfg = Release|Any CPU
		{16CEDB78-20AD-4ADE-80C2-357C07E0A84E}.Release|Any CPU.Build.0 = Release|Any CPU
		{4C18479B-47F2-432C-941B-5B5C74028CDD}.Debug|Any CPU.ActiveCfg = Debug|Any CPU
		{4C18479B-47F2-432C-941B-5B5C74028CDD}.Debug|Any CPU.Build.0 = Debug|Any CPU
		{4C18479B-47F2-432C-941B-5B5C74028CDD}.Release|Any CPU.ActiveCfg = Release|Any CPU
		{4C18479B-47F2-432C-941B-5B5C74028CDD}.Release|Any CPU.Build.0 = Release|Any CPU
		{AD7DC042-6C2A-4D95-96C4-0BE37B90A1C3}.Debug|Any CPU.ActiveCfg = Debug|Any CPU
		{AD7DC042-6C2A-4D95-96C4-0BE37B90A1C3}.Debug|Any CPU.Build.0 = Debug|Any CPU
		{AD7DC042-6C2A-4D95-96C4-0BE37B90A1C3}.Release|Any CPU.ActiveCfg = Release|Any CPU
		{AD7DC042-6C2A-4D95-96C4-0BE37B90A1C3}.Release|Any CPU.Build.0 = Release|Any CPU
		{710D628D-A41D-48D6-9550-6F48D1754466}.Debug|Any CPU.ActiveCfg = Debug|Any CPU
		{710D628D-A41D-48D6-9550-6F48D1754466}.Debug|Any CPU.Build.0 = Debug|Any CPU
		{710D628D-A41D-48D6-9550-6F48D1754466}.Release|Any CPU.ActiveCfg = Release|Any CPU
		{710D628D-A41D-48D6-9550-6F48D1754466}.Release|Any CPU.Build.0 = Release|Any CPU
		{31B3C058-0CA5-43FA-96FF-29D6D085EBD6}.Debug|Any CPU.ActiveCfg = Debug|Any CPU
		{31B3C058-0CA5-43FA-96FF-29D6D085EBD6}.Debug|Any CPU.Build.0 = Debug|Any CPU
		{31B3C058-0CA5-43FA-96FF-29D6D085EBD6}.Release|Any CPU.ActiveCfg = Release|Any CPU
		{31B3C058-0CA5-43FA-96FF-29D6D085EBD6}.Release|Any CPU.Build.0 = Release|Any CPU
		{0E3CA346-97BB-4D1E-964C-8594292EFAE0}.Debug|Any CPU.ActiveCfg = Debug|Any CPU
		{0E3CA346-97BB-4D1E-964C-8594292EFAE0}.Debug|Any CPU.Build.0 = Debug|Any CPU
		{0E3CA346-97BB-4D1E-964C-8594292EFAE0}.Release|Any CPU.ActiveCfg = Release|Any CPU
		{0E3CA346-97BB-4D1E-964C-8594292EFAE0}.Release|Any CPU.Build.0 = Release|Any CPU
		{1BD3F1AD-C94E-480F-B414-5B27070AE587}.Debug|Any CPU.ActiveCfg = Debug|Any CPU
		{1BD3F1AD-C94E-480F-B414-5B27070AE587}.Debug|Any CPU.Build.0 = Debug|Any CPU
		{1BD3F1AD-C94E-480F-B414-5B27070AE587}.Release|Any CPU.ActiveCfg = Release|Any CPU
		{1BD3F1AD-C94E-480F-B414-5B27070AE587}.Release|Any CPU.Build.0 = Release|Any CPU
		{FB66CEBE-F71A-4054-AAB3-DD004D76F9B2}.Debug|Any CPU.ActiveCfg = Debug|Any CPU
		{FB66CEBE-F71A-4054-AAB3-DD004D76F9B2}.Debug|Any CPU.Build.0 = Debug|Any CPU
		{FB66CEBE-F71A-4054-AAB3-DD004D76F9B2}.Release|Any CPU.ActiveCfg = Release|Any CPU
		{FB66CEBE-F71A-4054-AAB3-DD004D76F9B2}.Release|Any CPU.Build.0 = Release|Any CPU
		{E00D13ED-0FCB-45FC-946C-78CC05CE33D6}.Debug|Any CPU.ActiveCfg = Debug|Any CPU
		{E00D13ED-0FCB-45FC-946C-78CC05CE33D6}.Debug|Any CPU.Build.0 = Debug|Any CPU
		{E00D13ED-0FCB-45FC-946C-78CC05CE33D6}.Release|Any CPU.ActiveCfg = Release|Any CPU
		{E00D13ED-0FCB-45FC-946C-78CC05CE33D6}.Release|Any CPU.Build.0 = Release|Any CPU
		{9D07B4CA-9322-426C-8EAD-4C4754D4B018}.Debug|Any CPU.ActiveCfg = Debug|Any CPU
		{9D07B4CA-9322-426C-8EAD-4C4754D4B018}.Debug|Any CPU.Build.0 = Debug|Any CPU
		{9D07B4CA-9322-426C-8EAD-4C4754D4B018}.Release|Any CPU.ActiveCfg = Release|Any CPU
		{9D07B4CA-9322-426C-8EAD-4C4754D4B018}.Release|Any CPU.Build.0 = Release|Any CPU
		{003E57A7-F0AF-4E23-8DCD-5249DD641787}.Debug|Any CPU.ActiveCfg = Debug|Any CPU
		{003E57A7-F0AF-4E23-8DCD-5249DD641787}.Debug|Any CPU.Build.0 = Debug|Any CPU
		{003E57A7-F0AF-4E23-8DCD-5249DD641787}.Release|Any CPU.ActiveCfg = Release|Any CPU
		{003E57A7-F0AF-4E23-8DCD-5249DD641787}.Release|Any CPU.Build.0 = Release|Any CPU
		{9623E9BE-A854-443C-9CFA-A9B78B7949A6}.Debug|Any CPU.ActiveCfg = Debug|Any CPU
		{9623E9BE-A854-443C-9CFA-A9B78B7949A6}.Debug|Any CPU.Build.0 = Debug|Any CPU
		{9623E9BE-A854-443C-9CFA-A9B78B7949A6}.Release|Any CPU.ActiveCfg = Release|Any CPU
		{9623E9BE-A854-443C-9CFA-A9B78B7949A6}.Release|Any CPU.Build.0 = Release|Any CPU
	EndGlobalSection
	GlobalSection(SolutionProperties) = preSolution
		HideSolutionNode = FALSE
	EndGlobalSection
EndGlobal
