
Microsoft Visual Studio Solution File, Format Version 12.00
# Visual Studio 2012
Project("{FAE04EC0-301F-11D3-BF4B-00C04F79EFBC}") = "Problem02", "Problem02\Problem02.csproj", "{F0C670B8-73E1-43E1-AA7C-0C1927AC4C26}"
EndProject
Project("{FAE04EC0-301F-11D3-BF4B-00C04F79EFBC}") = "Problem04", "Problem04\Problem04.csproj", "{F1D42B88-588C-46B0-98D2-99C01F6B334E}"
EndProject
Project("{FAE04EC0-301F-11D3-BF4B-00C04F79EFBC}") = "Problem05", "Problem05\Problem05.csproj", "{4414967C-8025-47BB-8F7F-F8B974C423C8}"
EndProject
Project("{FAE04EC0-301F-11D3-BF4B-00C04F79EFBC}") = "Problem01", "Problem01\Problem01.csproj", "{1DE6D617-54A3-4391-96D5-03F85A3D263A}"
EndProject
Project("{FAE04EC0-301F-11D3-BF4B-00C04F79EFBC}") = "Problem06", "Problem06\Problem06.csproj", "{8C3AA213-A2B4-417A-AC74-A0B35DF633A6}"
EndProject
Project("{FAE04EC0-301F-11D3-BF4B-00C04F79EFBC}") = "Problem07", "Problem07\Problem07.csproj", "{8ED50F51-9E90-4195-8B01-BB9B2BC968E7}"
EndProject
Project("{FAE04EC0-301F-11D3-BF4B-00C04F79EFBC}") = "Problem08", "Problem08\Problem08.csproj", "{634D8BCF-F0CE-46C0-806D-18CC11A5A953}"
EndProject
Project("{FAE04EC0-301F-11D3-BF4B-00C04F79EFBC}") = "Problem09", "Problem09\Problem09.csproj", "{405C59DF-8994-492D-8265-E3E47FDB18BC}"
EndProject
Project("{FAE04EC0-301F-11D3-BF4B-00C04F79EFBC}") = "Problem03", "Problem03\Problem03.csproj", "{37C2D302-A4EB-4BD7-B495-486F140D0086}"
EndProject
Project("{FAE04EC0-301F-11D3-BF4B-00C04F79EFBC}") = "Problem10", "Problem10\Problem10.csproj", "{F9C31045-9FAD-4EDE-B1E5-EAD14E9E9080}"
EndProject
Project("{FAE04EC0-301F-11D3-BF4B-00C04F79EFBC}") = "Problem11", "Problem11\Problem11.csproj", "{C46CFBE4-CF55-42D5-9335-545D9593C7BA}"
EndProject
Project("{FAE04EC0-301F-11D3-BF4B-00C04F79EFBC}") = "Problem12", "Problem12\Problem12.csproj", "{F1AD76FD-281E-4F2F-821C-065F08A119DC}"
EndProject
Project("{FAE04EC0-301F-11D3-BF4B-00C04F79EFBC}") = "Problem15", "Problem15\Problem15.csproj", "{9E1B7BD2-B242-4AAF-8708-9A84DC1D510E}"
EndProject
Project("{FAE04EC0-301F-11D3-BF4B-00C04F79EFBC}") = "Problem16", "Problem16\Problem16.csproj", "{97FC5DE8-6D0D-43B7-8804-DE5A85109491}"
EndProject
Project("{FAE04EC0-301F-11D3-BF4B-00C04F79EFBC}") = "Problem17", "Problem17\Problem17.csproj", "{BF19D38E-39C9-44DC-BB1D-212921294E4B}"
EndProject
Project("{FAE04EC0-301F-11D3-BF4B-00C04F79EFBC}") = "Problem19", "Problem19\Problem19.csproj", "{1C317473-5A32-458E-B8D3-5CD9FA315450}"
EndProject
Project("{FAE04EC0-301F-11D3-BF4B-00C04F79EFBC}") = "Problem20", "Problem20\Problem20.csproj", "{8C98A0A6-288F-4856-AC20-B9DAE2E298B4}"
EndProject
Project("{FAE04EC0-301F-11D3-BF4B-00C04F79EFBC}") = "Problem21", "Problem21\Problem21.csproj", "{1D859A6F-FE4D-4CEA-9AE6-E73949A708C3}"
EndProject
Project("{FAE04EC0-301F-11D3-BF4B-00C04F79EFBC}") = "Problem13", "Problem13\Problem13.csproj", "{A0EDDD26-2CCF-45BA-92B5-8A73C4D9F7C2}"
EndProject
Project("{FAE04EC0-301F-11D3-BF4B-00C04F79EFBC}") = "Problem14", "Problem14\Problem14.csproj", "{AAE2D92D-130D-45A8-B07C-8B767B13B8D7}"
EndProject
Project("{FAE04EC0-301F-11D3-BF4B-00C04F79EFBC}") = "Problem18", "Problem18\Problem18.csproj", "{468F5A27-A28B-4820-B478-4C8F97C1A665}"
EndProject
Global
	GlobalSection(SolutionConfigurationPlatforms) = preSolution
		Debug|Any CPU = Debug|Any CPU
		Release|Any CPU = Release|Any CPU
	EndGlobalSection
	GlobalSection(ProjectConfigurationPlatforms) = postSolution
		{F0C670B8-73E1-43E1-AA7C-0C1927AC4C26}.Debug|Any CPU.ActiveCfg = Debug|Any CPU
		{F0C670B8-73E1-43E1-AA7C-0C1927AC4C26}.Debug|Any CPU.Build.0 = Debug|Any CPU
		{F0C670B8-73E1-43E1-AA7C-0C1927AC4C26}.Release|Any CPU.ActiveCfg = Release|Any CPU
		{F0C670B8-73E1-43E1-AA7C-0C1927AC4C26}.Release|Any CPU.Build.0 = Release|Any CPU
		{F1D42B88-588C-46B0-98D2-99C01F6B334E}.Debug|Any CPU.ActiveCfg = Debug|Any CPU
		{F1D42B88-588C-46B0-98D2-99C01F6B334E}.Debug|Any CPU.Build.0 = Debug|Any CPU
		{F1D42B88-588C-46B0-98D2-99C01F6B334E}.Release|Any CPU.ActiveCfg = Release|Any CPU
		{F1D42B88-588C-46B0-98D2-99C01F6B334E}.Release|Any CPU.Build.0 = Release|Any CPU
		{4414967C-8025-47BB-8F7F-F8B974C423C8}.Debug|Any CPU.ActiveCfg = Debug|Any CPU
		{4414967C-8025-47BB-8F7F-F8B974C423C8}.Debug|Any CPU.Build.0 = Debug|Any CPU
		{4414967C-8025-47BB-8F7F-F8B974C423C8}.Release|Any CPU.ActiveCfg = Release|Any CPU
		{4414967C-8025-47BB-8F7F-F8B974C423C8}.Release|Any CPU.Build.0 = Release|Any CPU
		{1DE6D617-54A3-4391-96D5-03F85A3D263A}.Debug|Any CPU.ActiveCfg = Debug|Any CPU
		{1DE6D617-54A3-4391-96D5-03F85A3D263A}.Debug|Any CPU.Build.0 = Debug|Any CPU
		{1DE6D617-54A3-4391-96D5-03F85A3D263A}.Release|Any CPU.ActiveCfg = Release|Any CPU
		{1DE6D617-54A3-4391-96D5-03F85A3D263A}.Release|Any CPU.Build.0 = Release|Any CPU
		{8C3AA213-A2B4-417A-AC74-A0B35DF633A6}.Debug|Any CPU.ActiveCfg = Debug|Any CPU
		{8C3AA213-A2B4-417A-AC74-A0B35DF633A6}.Debug|Any CPU.Build.0 = Debug|Any CPU
		{8C3AA213-A2B4-417A-AC74-A0B35DF633A6}.Release|Any CPU.ActiveCfg = Release|Any CPU
		{8C3AA213-A2B4-417A-AC74-A0B35DF633A6}.Release|Any CPU.Build.0 = Release|Any CPU
		{8ED50F51-9E90-4195-8B01-BB9B2BC968E7}.Debug|Any CPU.ActiveCfg = Debug|Any CPU
		{8ED50F51-9E90-4195-8B01-BB9B2BC968E7}.Debug|Any CPU.Build.0 = Debug|Any CPU
		{8ED50F51-9E90-4195-8B01-BB9B2BC968E7}.Release|Any CPU.ActiveCfg = Release|Any CPU
		{8ED50F51-9E90-4195-8B01-BB9B2BC968E7}.Release|Any CPU.Build.0 = Release|Any CPU
		{634D8BCF-F0CE-46C0-806D-18CC11A5A953}.Debug|Any CPU.ActiveCfg = Debug|Any CPU
		{634D8BCF-F0CE-46C0-806D-18CC11A5A953}.Debug|Any CPU.Build.0 = Debug|Any CPU
		{634D8BCF-F0CE-46C0-806D-18CC11A5A953}.Release|Any CPU.ActiveCfg = Release|Any CPU
		{634D8BCF-F0CE-46C0-806D-18CC11A5A953}.Release|Any CPU.Build.0 = Release|Any CPU
		{405C59DF-8994-492D-8265-E3E47FDB18BC}.Debug|Any CPU.ActiveCfg = Debug|Any CPU
		{405C59DF-8994-492D-8265-E3E47FDB18BC}.Debug|Any CPU.Build.0 = Debug|Any CPU
		{405C59DF-8994-492D-8265-E3E47FDB18BC}.Release|Any CPU.ActiveCfg = Release|Any CPU
		{405C59DF-8994-492D-8265-E3E47FDB18BC}.Release|Any CPU.Build.0 = Release|Any CPU
		{37C2D302-A4EB-4BD7-B495-486F140D0086}.Debug|Any CPU.ActiveCfg = Debug|Any CPU
		{37C2D302-A4EB-4BD7-B495-486F140D0086}.Debug|Any CPU.Build.0 = Debug|Any CPU
		{37C2D302-A4EB-4BD7-B495-486F140D0086}.Release|Any CPU.ActiveCfg = Release|Any CPU
		{37C2D302-A4EB-4BD7-B495-486F140D0086}.Release|Any CPU.Build.0 = Release|Any CPU
		{F9C31045-9FAD-4EDE-B1E5-EAD14E9E9080}.Debug|Any CPU.ActiveCfg = Debug|Any CPU
		{F9C31045-9FAD-4EDE-B1E5-EAD14E9E9080}.Debug|Any CPU.Build.0 = Debug|Any CPU
		{F9C31045-9FAD-4EDE-B1E5-EAD14E9E9080}.Release|Any CPU.ActiveCfg = Release|Any CPU
		{F9C31045-9FAD-4EDE-B1E5-EAD14E9E9080}.Release|Any CPU.Build.0 = Release|Any CPU
		{C46CFBE4-CF55-42D5-9335-545D9593C7BA}.Debug|Any CPU.ActiveCfg = Debug|Any CPU
		{C46CFBE4-CF55-42D5-9335-545D9593C7BA}.Debug|Any CPU.Build.0 = Debug|Any CPU
		{C46CFBE4-CF55-42D5-9335-545D9593C7BA}.Release|Any CPU.ActiveCfg = Release|Any CPU
		{C46CFBE4-CF55-42D5-9335-545D9593C7BA}.Release|Any CPU.Build.0 = Release|Any CPU
		{F1AD76FD-281E-4F2F-821C-065F08A119DC}.Debug|Any CPU.ActiveCfg = Debug|Any CPU
		{F1AD76FD-281E-4F2F-821C-065F08A119DC}.Debug|Any CPU.Build.0 = Debug|Any CPU
		{F1AD76FD-281E-4F2F-821C-065F08A119DC}.Release|Any CPU.ActiveCfg = Release|Any CPU
		{F1AD76FD-281E-4F2F-821C-065F08A119DC}.Release|Any CPU.Build.0 = Release|Any CPU
		{9E1B7BD2-B242-4AAF-8708-9A84DC1D510E}.Debug|Any CPU.ActiveCfg = Debug|Any CPU
		{9E1B7BD2-B242-4AAF-8708-9A84DC1D510E}.Debug|Any CPU.Build.0 = Debug|Any CPU
		{9E1B7BD2-B242-4AAF-8708-9A84DC1D510E}.Release|Any CPU.ActiveCfg = Release|Any CPU
		{9E1B7BD2-B242-4AAF-8708-9A84DC1D510E}.Release|Any CPU.Build.0 = Release|Any CPU
		{97FC5DE8-6D0D-43B7-8804-DE5A85109491}.Debug|Any CPU.ActiveCfg = Debug|Any CPU
		{97FC5DE8-6D0D-43B7-8804-DE5A85109491}.Debug|Any CPU.Build.0 = Debug|Any CPU
		{97FC5DE8-6D0D-43B7-8804-DE5A85109491}.Release|Any CPU.ActiveCfg = Release|Any CPU
		{97FC5DE8-6D0D-43B7-8804-DE5A85109491}.Release|Any CPU.Build.0 = Release|Any CPU
		{BF19D38E-39C9-44DC-BB1D-212921294E4B}.Debug|Any CPU.ActiveCfg = Debug|Any CPU
		{BF19D38E-39C9-44DC-BB1D-212921294E4B}.Debug|Any CPU.Build.0 = Debug|Any CPU
		{BF19D38E-39C9-44DC-BB1D-212921294E4B}.Release|Any CPU.ActiveCfg = Release|Any CPU
		{BF19D38E-39C9-44DC-BB1D-212921294E4B}.Release|Any CPU.Build.0 = Release|Any CPU
		{1C317473-5A32-458E-B8D3-5CD9FA315450}.Debug|Any CPU.ActiveCfg = Debug|Any CPU
		{1C317473-5A32-458E-B8D3-5CD9FA315450}.Debug|Any CPU.Build.0 = Debug|Any CPU
		{1C317473-5A32-458E-B8D3-5CD9FA315450}.Release|Any CPU.ActiveCfg = Release|Any CPU
		{1C317473-5A32-458E-B8D3-5CD9FA315450}.Release|Any CPU.Build.0 = Release|Any CPU
		{8C98A0A6-288F-4856-AC20-B9DAE2E298B4}.Debug|Any CPU.ActiveCfg = Debug|Any CPU
		{8C98A0A6-288F-4856-AC20-B9DAE2E298B4}.Debug|Any CPU.Build.0 = Debug|Any CPU
		{8C98A0A6-288F-4856-AC20-B9DAE2E298B4}.Release|Any CPU.ActiveCfg = Release|Any CPU
		{8C98A0A6-288F-4856-AC20-B9DAE2E298B4}.Release|Any CPU.Build.0 = Release|Any CPU
		{1D859A6F-FE4D-4CEA-9AE6-E73949A708C3}.Debug|Any CPU.ActiveCfg = Debug|Any CPU
		{1D859A6F-FE4D-4CEA-9AE6-E73949A708C3}.Debug|Any CPU.Build.0 = Debug|Any CPU
		{1D859A6F-FE4D-4CEA-9AE6-E73949A708C3}.Release|Any CPU.ActiveCfg = Release|Any CPU
		{1D859A6F-FE4D-4CEA-9AE6-E73949A708C3}.Release|Any CPU.Build.0 = Release|Any CPU
		{A0EDDD26-2CCF-45BA-92B5-8A73C4D9F7C2}.Debug|Any CPU.ActiveCfg = Debug|Any CPU
		{A0EDDD26-2CCF-45BA-92B5-8A73C4D9F7C2}.Debug|Any CPU.Build.0 = Debug|Any CPU
		{A0EDDD26-2CCF-45BA-92B5-8A73C4D9F7C2}.Release|Any CPU.ActiveCfg = Release|Any CPU
		{A0EDDD26-2CCF-45BA-92B5-8A73C4D9F7C2}.Release|Any CPU.Build.0 = Release|Any CPU
		{AAE2D92D-130D-45A8-B07C-8B767B13B8D7}.Debug|Any CPU.ActiveCfg = Debug|Any CPU
		{AAE2D92D-130D-45A8-B07C-8B767B13B8D7}.Debug|Any CPU.Build.0 = Debug|Any CPU
		{AAE2D92D-130D-45A8-B07C-8B767B13B8D7}.Release|Any CPU.ActiveCfg = Release|Any CPU
		{AAE2D92D-130D-45A8-B07C-8B767B13B8D7}.Release|Any CPU.Build.0 = Release|Any CPU
		{468F5A27-A28B-4820-B478-4C8F97C1A665}.Debug|Any CPU.ActiveCfg = Debug|Any CPU
		{468F5A27-A28B-4820-B478-4C8F97C1A665}.Debug|Any CPU.Build.0 = Debug|Any CPU
		{468F5A27-A28B-4820-B478-4C8F97C1A665}.Release|Any CPU.ActiveCfg = Release|Any CPU
		{468F5A27-A28B-4820-B478-4C8F97C1A665}.Release|Any CPU.Build.0 = Release|Any CPU
	EndGlobalSection
	GlobalSection(SolutionProperties) = preSolution
		HideSolutionNode = FALSE
	EndGlobalSection
EndGlobal
