
Microsoft Visual Studio Solution File, Format Version 12.00
# Visual Studio 2012
Project("{FAE04EC0-301F-11D3-BF4B-00C04F79EFBC}") = "P02", "P02\P02.csproj", "{6F68F8AD-FFD0-4422-A708-F81399AF8926}"
EndProject
Project("{FAE04EC0-301F-11D3-BF4B-00C04F79EFBC}") = "P03", "P03\P03.csproj", "{1F9AA13D-D229-4CCF-BA4A-718A18C08FC7}"
EndProject
Project("{FAE04EC0-301F-11D3-BF4B-00C04F79EFBC}") = "P04", "P04\P04.csproj", "{04AB9351-3F63-432B-815F-E8CF5A977971}"
EndProject
Project("{FAE04EC0-301F-11D3-BF4B-00C04F79EFBC}") = "P05", "P05\P05.csproj", "{60B7CA09-C9CF-4EDF-A35E-DF57055B1F33}"
EndProject
Project("{FAE04EC0-301F-11D3-BF4B-00C04F79EFBC}") = "P06", "P06\P06.csproj", "{9D22EAEB-5CDB-46DC-9562-154978B28DF5}"
EndProject
Project("{FAE04EC0-301F-11D3-BF4B-00C04F79EFBC}") = "P07", "P07\P07.csproj", "{2ECEA251-1BB2-4ABD-8A5F-A381552AAE2C}"
EndProject
Project("{FAE04EC0-301F-11D3-BF4B-00C04F79EFBC}") = "P08", "P08\P08.csproj", "{8D26C143-68A5-48EA-BB3A-96EF54C8235C}"
EndProject
Project("{FAE04EC0-301F-11D3-BF4B-00C04F79EFBC}") = "P09", "P09\P09.csproj", "{C4EB40AD-F577-423A-A3D7-8D3F5B9EDDBF}"
EndProject
Project("{FAE04EC0-301F-11D3-BF4B-00C04F79EFBC}") = "P10", "P10\P10.csproj", "{45F6D96D-52AF-41A8-9DBD-008C74E2F545}"
EndProject
Project("{FAE04EC0-301F-11D3-BF4B-00C04F79EFBC}") = "P11", "P11\P11.csproj", "{28B80159-AEF9-4B2B-97D2-492903F9FE71}"
EndProject
Project("{FAE04EC0-301F-11D3-BF4B-00C04F79EFBC}") = "P12", "P12\P12.csproj", "{20E1F193-73A6-4D8C-997A-DF75DE91EFAF}"
EndProject
Project("{FAE04EC0-301F-11D3-BF4B-00C04F79EFBC}") = "P13", "P13\P13.csproj", "{22A48605-0626-4877-8883-4ADD0C3428DA}"
EndProject
Project("{FAE04EC0-301F-11D3-BF4B-00C04F79EFBC}") = "P14", "P14\P14.csproj", "{43972D76-C853-4FC1-A934-E087F877BF3A}"
EndProject
Project("{FAE04EC0-301F-11D3-BF4B-00C04F79EFBC}") = "P15", "P15\P15.csproj", "{CF24DC65-5A85-4A3E-BB15-77CF8189969B}"
EndProject
Project("{FAE04EC0-301F-11D3-BF4B-00C04F79EFBC}") = "P16", "P16\P16.csproj", "{05D15D5A-75E3-4ECF-8540-770959C4B262}"
EndProject
Project("{FAE04EC0-301F-11D3-BF4B-00C04F79EFBC}") = "P17", "P17\P17.csproj", "{AC6C614D-8DC6-435C-8D02-67ADC70D66FC}"
EndProject
Project("{FAE04EC0-301F-11D3-BF4B-00C04F79EFBC}") = "P18", "P18\P18.csproj", "{5E0BB9BE-F89F-4DC0-B602-D9C61EA5A0A8}"
EndProject
Project("{FAE04EC0-301F-11D3-BF4B-00C04F79EFBC}") = "P19", "P19\P19.csproj", "{9ACAAD1B-3893-4BB9-8DC9-F0BCF1FE4EA5}"
EndProject
Project("{FAE04EC0-301F-11D3-BF4B-00C04F79EFBC}") = "P20", "P20\P20.csproj", "{E5793ACA-B3BB-453F-90F7-1739B3C73885}"
EndProject
Project("{FAE04EC0-301F-11D3-BF4B-00C04F79EFBC}") = "P21", "P21\P21.csproj", "{3FFB7C0B-99CD-4375-9B6A-67CF7762F099}"
EndProject
Project("{FAE04EC0-301F-11D3-BF4B-00C04F79EFBC}") = "P22", "P22\P22.csproj", "{0B44B248-15EB-4BED-9E9F-52CD0ED0159A}"
EndProject
Project("{FAE04EC0-301F-11D3-BF4B-00C04F79EFBC}") = "P23", "P23\P23.csproj", "{C05DEB00-93E3-46CA-97B8-18D467D407E1}"
EndProject
Project("{FAE04EC0-301F-11D3-BF4B-00C04F79EFBC}") = "P24", "P24\P24.csproj", "{D0DE42E5-3FEA-4FC4-ABAF-295BB1680003}"
EndProject
Project("{FAE04EC0-301F-11D3-BF4B-00C04F79EFBC}") = "P25", "P25\P25.csproj", "{91E67D0A-ED76-424A-83E4-EB5750497287}"
EndProject
Global
	GlobalSection(SolutionConfigurationPlatforms) = preSolution
		Debug|Any CPU = Debug|Any CPU
		Release|Any CPU = Release|Any CPU
	EndGlobalSection
	GlobalSection(ProjectConfigurationPlatforms) = postSolution
		{6F68F8AD-FFD0-4422-A708-F81399AF8926}.Debug|Any CPU.ActiveCfg = Debug|Any CPU
		{6F68F8AD-FFD0-4422-A708-F81399AF8926}.Debug|Any CPU.Build.0 = Debug|Any CPU
		{6F68F8AD-FFD0-4422-A708-F81399AF8926}.Release|Any CPU.ActiveCfg = Release|Any CPU
		{6F68F8AD-FFD0-4422-A708-F81399AF8926}.Release|Any CPU.Build.0 = Release|Any CPU
		{1F9AA13D-D229-4CCF-BA4A-718A18C08FC7}.Debug|Any CPU.ActiveCfg = Debug|Any CPU
		{1F9AA13D-D229-4CCF-BA4A-718A18C08FC7}.Debug|Any CPU.Build.0 = Debug|Any CPU
		{1F9AA13D-D229-4CCF-BA4A-718A18C08FC7}.Release|Any CPU.ActiveCfg = Release|Any CPU
		{1F9AA13D-D229-4CCF-BA4A-718A18C08FC7}.Release|Any CPU.Build.0 = Release|Any CPU
		{04AB9351-3F63-432B-815F-E8CF5A977971}.Debug|Any CPU.ActiveCfg = Debug|Any CPU
		{04AB9351-3F63-432B-815F-E8CF5A977971}.Debug|Any CPU.Build.0 = Debug|Any CPU
		{04AB9351-3F63-432B-815F-E8CF5A977971}.Release|Any CPU.ActiveCfg = Release|Any CPU
		{04AB9351-3F63-432B-815F-E8CF5A977971}.Release|Any CPU.Build.0 = Release|Any CPU
		{60B7CA09-C9CF-4EDF-A35E-DF57055B1F33}.Debug|Any CPU.ActiveCfg = Debug|Any CPU
		{60B7CA09-C9CF-4EDF-A35E-DF57055B1F33}.Debug|Any CPU.Build.0 = Debug|Any CPU
		{60B7CA09-C9CF-4EDF-A35E-DF57055B1F33}.Release|Any CPU.ActiveCfg = Release|Any CPU
		{60B7CA09-C9CF-4EDF-A35E-DF57055B1F33}.Release|Any CPU.Build.0 = Release|Any CPU
		{9D22EAEB-5CDB-46DC-9562-154978B28DF5}.Debug|Any CPU.ActiveCfg = Debug|Any CPU
		{9D22EAEB-5CDB-46DC-9562-154978B28DF5}.Debug|Any CPU.Build.0 = Debug|Any CPU
		{9D22EAEB-5CDB-46DC-9562-154978B28DF5}.Release|Any CPU.ActiveCfg = Release|Any CPU
		{9D22EAEB-5CDB-46DC-9562-154978B28DF5}.Release|Any CPU.Build.0 = Release|Any CPU
		{2ECEA251-1BB2-4ABD-8A5F-A381552AAE2C}.Debug|Any CPU.ActiveCfg = Debug|Any CPU
		{2ECEA251-1BB2-4ABD-8A5F-A381552AAE2C}.Debug|Any CPU.Build.0 = Debug|Any CPU
		{2ECEA251-1BB2-4ABD-8A5F-A381552AAE2C}.Release|Any CPU.ActiveCfg = Release|Any CPU
		{2ECEA251-1BB2-4ABD-8A5F-A381552AAE2C}.Release|Any CPU.Build.0 = Release|Any CPU
		{8D26C143-68A5-48EA-BB3A-96EF54C8235C}.Debug|Any CPU.ActiveCfg = Debug|Any CPU
		{8D26C143-68A5-48EA-BB3A-96EF54C8235C}.Debug|Any CPU.Build.0 = Debug|Any CPU
		{8D26C143-68A5-48EA-BB3A-96EF54C8235C}.Release|Any CPU.ActiveCfg = Release|Any CPU
		{8D26C143-68A5-48EA-BB3A-96EF54C8235C}.Release|Any CPU.Build.0 = Release|Any CPU
		{C4EB40AD-F577-423A-A3D7-8D3F5B9EDDBF}.Debug|Any CPU.ActiveCfg = Debug|Any CPU
		{C4EB40AD-F577-423A-A3D7-8D3F5B9EDDBF}.Debug|Any CPU.Build.0 = Debug|Any CPU
		{C4EB40AD-F577-423A-A3D7-8D3F5B9EDDBF}.Release|Any CPU.ActiveCfg = Release|Any CPU
		{C4EB40AD-F577-423A-A3D7-8D3F5B9EDDBF}.Release|Any CPU.Build.0 = Release|Any CPU
		{45F6D96D-52AF-41A8-9DBD-008C74E2F545}.Debug|Any CPU.ActiveCfg = Debug|Any CPU
		{45F6D96D-52AF-41A8-9DBD-008C74E2F545}.Debug|Any CPU.Build.0 = Debug|Any CPU
		{45F6D96D-52AF-41A8-9DBD-008C74E2F545}.Release|Any CPU.ActiveCfg = Release|Any CPU
		{45F6D96D-52AF-41A8-9DBD-008C74E2F545}.Release|Any CPU.Build.0 = Release|Any CPU
		{28B80159-AEF9-4B2B-97D2-492903F9FE71}.Debug|Any CPU.ActiveCfg = Debug|Any CPU
		{28B80159-AEF9-4B2B-97D2-492903F9FE71}.Debug|Any CPU.Build.0 = Debug|Any CPU
		{28B80159-AEF9-4B2B-97D2-492903F9FE71}.Release|Any CPU.ActiveCfg = Release|Any CPU
		{28B80159-AEF9-4B2B-97D2-492903F9FE71}.Release|Any CPU.Build.0 = Release|Any CPU
		{20E1F193-73A6-4D8C-997A-DF75DE91EFAF}.Debug|Any CPU.ActiveCfg = Debug|Any CPU
		{20E1F193-73A6-4D8C-997A-DF75DE91EFAF}.Debug|Any CPU.Build.0 = Debug|Any CPU
		{20E1F193-73A6-4D8C-997A-DF75DE91EFAF}.Release|Any CPU.ActiveCfg = Release|Any CPU
		{20E1F193-73A6-4D8C-997A-DF75DE91EFAF}.Release|Any CPU.Build.0 = Release|Any CPU
		{22A48605-0626-4877-8883-4ADD0C3428DA}.Debug|Any CPU.ActiveCfg = Debug|Any CPU
		{22A48605-0626-4877-8883-4ADD0C3428DA}.Debug|Any CPU.Build.0 = Debug|Any CPU
		{22A48605-0626-4877-8883-4ADD0C3428DA}.Release|Any CPU.ActiveCfg = Release|Any CPU
		{22A48605-0626-4877-8883-4ADD0C3428DA}.Release|Any CPU.Build.0 = Release|Any CPU
		{43972D76-C853-4FC1-A934-E087F877BF3A}.Debug|Any CPU.ActiveCfg = Debug|Any CPU
		{43972D76-C853-4FC1-A934-E087F877BF3A}.Debug|Any CPU.Build.0 = Debug|Any CPU
		{43972D76-C853-4FC1-A934-E087F877BF3A}.Release|Any CPU.ActiveCfg = Release|Any CPU
		{43972D76-C853-4FC1-A934-E087F877BF3A}.Release|Any CPU.Build.0 = Release|Any CPU
		{CF24DC65-5A85-4A3E-BB15-77CF8189969B}.Debug|Any CPU.ActiveCfg = Debug|Any CPU
		{CF24DC65-5A85-4A3E-BB15-77CF8189969B}.Debug|Any CPU.Build.0 = Debug|Any CPU
		{CF24DC65-5A85-4A3E-BB15-77CF8189969B}.Release|Any CPU.ActiveCfg = Release|Any CPU
		{CF24DC65-5A85-4A3E-BB15-77CF8189969B}.Release|Any CPU.Build.0 = Release|Any CPU
		{05D15D5A-75E3-4ECF-8540-770959C4B262}.Debug|Any CPU.ActiveCfg = Debug|Any CPU
		{05D15D5A-75E3-4ECF-8540-770959C4B262}.Debug|Any CPU.Build.0 = Debug|Any CPU
		{05D15D5A-75E3-4ECF-8540-770959C4B262}.Release|Any CPU.ActiveCfg = Release|Any CPU
		{05D15D5A-75E3-4ECF-8540-770959C4B262}.Release|Any CPU.Build.0 = Release|Any CPU
		{AC6C614D-8DC6-435C-8D02-67ADC70D66FC}.Debug|Any CPU.ActiveCfg = Debug|Any CPU
		{AC6C614D-8DC6-435C-8D02-67ADC70D66FC}.Debug|Any CPU.Build.0 = Debug|Any CPU
		{AC6C614D-8DC6-435C-8D02-67ADC70D66FC}.Release|Any CPU.ActiveCfg = Release|Any CPU
		{AC6C614D-8DC6-435C-8D02-67ADC70D66FC}.Release|Any CPU.Build.0 = Release|Any CPU
		{5E0BB9BE-F89F-4DC0-B602-D9C61EA5A0A8}.Debug|Any CPU.ActiveCfg = Debug|Any CPU
		{5E0BB9BE-F89F-4DC0-B602-D9C61EA5A0A8}.Debug|Any CPU.Build.0 = Debug|Any CPU
		{5E0BB9BE-F89F-4DC0-B602-D9C61EA5A0A8}.Release|Any CPU.ActiveCfg = Release|Any CPU
		{5E0BB9BE-F89F-4DC0-B602-D9C61EA5A0A8}.Release|Any CPU.Build.0 = Release|Any CPU
		{9ACAAD1B-3893-4BB9-8DC9-F0BCF1FE4EA5}.Debug|Any CPU.ActiveCfg = Debug|Any CPU
		{9ACAAD1B-3893-4BB9-8DC9-F0BCF1FE4EA5}.Debug|Any CPU.Build.0 = Debug|Any CPU
		{9ACAAD1B-3893-4BB9-8DC9-F0BCF1FE4EA5}.Release|Any CPU.ActiveCfg = Release|Any CPU
		{9ACAAD1B-3893-4BB9-8DC9-F0BCF1FE4EA5}.Release|Any CPU.Build.0 = Release|Any CPU
		{E5793ACA-B3BB-453F-90F7-1739B3C73885}.Debug|Any CPU.ActiveCfg = Debug|Any CPU
		{E5793ACA-B3BB-453F-90F7-1739B3C73885}.Debug|Any CPU.Build.0 = Debug|Any CPU
		{E5793ACA-B3BB-453F-90F7-1739B3C73885}.Release|Any CPU.ActiveCfg = Release|Any CPU
		{E5793ACA-B3BB-453F-90F7-1739B3C73885}.Release|Any CPU.Build.0 = Release|Any CPU
		{3FFB7C0B-99CD-4375-9B6A-67CF7762F099}.Debug|Any CPU.ActiveCfg = Debug|Any CPU
		{3FFB7C0B-99CD-4375-9B6A-67CF7762F099}.Debug|Any CPU.Build.0 = Debug|Any CPU
		{3FFB7C0B-99CD-4375-9B6A-67CF7762F099}.Release|Any CPU.ActiveCfg = Release|Any CPU
		{3FFB7C0B-99CD-4375-9B6A-67CF7762F099}.Release|Any CPU.Build.0 = Release|Any CPU
		{0B44B248-15EB-4BED-9E9F-52CD0ED0159A}.Debug|Any CPU.ActiveCfg = Debug|Any CPU
		{0B44B248-15EB-4BED-9E9F-52CD0ED0159A}.Debug|Any CPU.Build.0 = Debug|Any CPU
		{0B44B248-15EB-4BED-9E9F-52CD0ED0159A}.Release|Any CPU.ActiveCfg = Release|Any CPU
		{0B44B248-15EB-4BED-9E9F-52CD0ED0159A}.Release|Any CPU.Build.0 = Release|Any CPU
		{C05DEB00-93E3-46CA-97B8-18D467D407E1}.Debug|Any CPU.ActiveCfg = Debug|Any CPU
		{C05DEB00-93E3-46CA-97B8-18D467D407E1}.Debug|Any CPU.Build.0 = Debug|Any CPU
		{C05DEB00-93E3-46CA-97B8-18D467D407E1}.Release|Any CPU.ActiveCfg = Release|Any CPU
		{C05DEB00-93E3-46CA-97B8-18D467D407E1}.Release|Any CPU.Build.0 = Release|Any CPU
		{D0DE42E5-3FEA-4FC4-ABAF-295BB1680003}.Debug|Any CPU.ActiveCfg = Debug|Any CPU
		{D0DE42E5-3FEA-4FC4-ABAF-295BB1680003}.Debug|Any CPU.Build.0 = Debug|Any CPU
		{D0DE42E5-3FEA-4FC4-ABAF-295BB1680003}.Release|Any CPU.ActiveCfg = Release|Any CPU
		{D0DE42E5-3FEA-4FC4-ABAF-295BB1680003}.Release|Any CPU.Build.0 = Release|Any CPU
		{91E67D0A-ED76-424A-83E4-EB5750497287}.Debug|Any CPU.ActiveCfg = Debug|Any CPU
		{91E67D0A-ED76-424A-83E4-EB5750497287}.Debug|Any CPU.Build.0 = Debug|Any CPU
		{91E67D0A-ED76-424A-83E4-EB5750497287}.Release|Any CPU.ActiveCfg = Release|Any CPU
		{91E67D0A-ED76-424A-83E4-EB5750497287}.Release|Any CPU.Build.0 = Release|Any CPU
	EndGlobalSection
	GlobalSection(SolutionProperties) = preSolution
		HideSolutionNode = FALSE
	EndGlobalSection
EndGlobal
